
Microsoft Visual Studio Solution File, Format Version 12.00
# Visual Studio Version 17
VisualStudioVersion = 17.3.32825.248
MinimumVisualStudioVersion = 10.0.40219.1
Project("{FAE04EC0-301F-11D3-BF4B-00C04F79EFBC}") = "Static_Variable_and_Static_Method", "Static_Variable_and_Static_Method\Static_Variable_and_Static_Method.csproj", "{A6A58BEA-4D46-4EAE-AC05-0AD1D93E1EDB}"
EndProject
Global
	GlobalSection(SolutionConfigurationPlatforms) = preSolution
		Debug|Any CPU = Debug|Any CPU
		Release|Any CPU = Release|Any CPU
	EndGlobalSection
	GlobalSection(ProjectConfigurationPlatforms) = postSolution
		{A6A58BEA-4D46-4EAE-AC05-0AD1D93E1EDB}.Debug|Any CPU.ActiveCfg = Debug|Any CPU
		{A6A58BEA-4D46-4EAE-AC05-0AD1D93E1EDB}.Debug|Any CPU.Build.0 = Debug|Any CPU
		{A6A58BEA-4D46-4EAE-AC05-0AD1D93E1EDB}.Release|Any CPU.ActiveCfg = Release|Any CPU
		{A6A58BEA-4D46-4EAE-AC05-0AD1D93E1EDB}.Release|Any CPU.Build.0 = Release|Any CPU
	EndGlobalSection
	GlobalSection(SolutionProperties) = preSolution
		HideSolutionNode = FALSE
	EndGlobalSection
	GlobalSection(ExtensibilityGlobals) = postSolution
		SolutionGuid = {BCBAF67B-C8BE-4B28-B9A4-E2200812B23A}
	EndGlobalSection
EndGlobal
